
Microsoft Visual Studio Solution File, Format Version 12.00
# Visual Studio Version 17
VisualStudioVersion = 17.9.34701.34
MinimumVisualStudioVersion = 10.0.40219.1
Project("{FAE04EC0-301F-11D3-BF4B-00C04F79EFBC}") = "Ejercicio4TP7", "Ejercicio4TP7\Ejercicio4TP7.csproj", "{1B15DF25-5FA9-497E-A39B-6991F1FE5D97}"
EndProject
Global
	GlobalSection(SolutionConfigurationPlatforms) = preSolution
		Debug|Any CPU = Debug|Any CPU
		Release|Any CPU = Release|Any CPU
	EndGlobalSection
	GlobalSection(ProjectConfigurationPlatforms) = postSolution
		{1B15DF25-5FA9-497E-A39B-6991F1FE5D97}.Debug|Any CPU.ActiveCfg = Debug|Any CPU
		{1B15DF25-5FA9-497E-A39B-6991F1FE5D97}.Debug|Any CPU.Build.0 = Debug|Any CPU
		{1B15DF25-5FA9-497E-A39B-6991F1FE5D97}.Release|Any CPU.ActiveCfg = Release|Any CPU
		{1B15DF25-5FA9-497E-A39B-6991F1FE5D97}.Release|Any CPU.Build.0 = Release|Any CPU
	EndGlobalSection
	GlobalSection(SolutionProperties) = preSolution
		HideSolutionNode = FALSE
	EndGlobalSection
	GlobalSection(ExtensibilityGlobals) = postSolution
		SolutionGuid = {377BBC82-57E4-4022-A0CD-17C85F96A031}
	EndGlobalSection
EndGlobal
