
Microsoft Visual Studio Solution File, Format Version 12.00
# Visual Studio Version 17
VisualStudioVersion = 17.9.34701.34
MinimumVisualStudioVersion = 10.0.40219.1
Project("{FAE04EC0-301F-11D3-BF4B-00C04F79EFBC}") = "Ejercicio3TP7", "Ejercicio3TP7\Ejercicio3TP7.csproj", "{BE06027E-672D-43AD-A32A-A9D6BE85A598}"
EndProject
Global
	GlobalSection(SolutionConfigurationPlatforms) = preSolution
		Debug|Any CPU = Debug|Any CPU
		Release|Any CPU = Release|Any CPU
	EndGlobalSection
	GlobalSection(ProjectConfigurationPlatforms) = postSolution
		{BE06027E-672D-43AD-A32A-A9D6BE85A598}.Debug|Any CPU.ActiveCfg = Debug|Any CPU
		{BE06027E-672D-43AD-A32A-A9D6BE85A598}.Debug|Any CPU.Build.0 = Debug|Any CPU
		{BE06027E-672D-43AD-A32A-A9D6BE85A598}.Release|Any CPU.ActiveCfg = Release|Any CPU
		{BE06027E-672D-43AD-A32A-A9D6BE85A598}.Release|Any CPU.Build.0 = Release|Any CPU
	EndGlobalSection
	GlobalSection(SolutionProperties) = preSolution
		HideSolutionNode = FALSE
	EndGlobalSection
	GlobalSection(ExtensibilityGlobals) = postSolution
		SolutionGuid = {94046F47-2DB5-4691-AC6D-0412C6981216}
	EndGlobalSection
EndGlobal
